{
  "name": "@unblocklabs/openclaw-iphone-ops",
  "version": "0.2.0",
  "lockfileVersion": 3,
  "requires": true,
  "packages": {
    "": {
      "name": "@unblocklabs/openclaw-iphone-ops",
      "version": "0.2.0",
      "license": "UNLICENSED",
      "os": [
        "darwin"
      ],
      "bin": {
        "openclaw-iphone": "bin/openclaw-iphone"
      }
    }
  }
}
